
Microsoft Visual Studio Solution File, Format Version 12.00
# Visual Studio Version 16
VisualStudioVersion = 16.0.29326.143
MinimumVisualStudioVersion = 10.0.40219.1
Project("{FAE04EC0-301F-11D3-BF4B-00C04F79EFBC}") = "Fortnite Building Sensitivity", "Fortnite Building Sensitivity.csproj", "{FCA7E02E-7C58-403D-AF5A-12A4EBDCC9EA}"
EndProject
Global
	GlobalSection(SolutionConfigurationPlatforms) = preSolution
		Debug|Any CPU = Debug|Any CPU
		Release|Any CPU = Release|Any CPU
	EndGlobalSection
	GlobalSection(ProjectConfigurationPlatforms) = postSolution
		{FCA7E02E-7C58-403D-AF5A-12A4EBDCC9EA}.Debug|Any CPU.ActiveCfg = Debug|Any CPU
		{FCA7E02E-7C58-403D-AF5A-12A4EBDCC9EA}.Debug|Any CPU.Build.0 = Debug|Any CPU
		{FCA7E02E-7C58-403D-AF5A-12A4EBDCC9EA}.Release|Any CPU.ActiveCfg = Release|Any CPU
		{FCA7E02E-7C58-403D-AF5A-12A4EBDCC9EA}.Release|Any CPU.Build.0 = Release|Any CPU
	EndGlobalSection
	GlobalSection(SolutionProperties) = preSolution
		HideSolutionNode = FALSE
	EndGlobalSection
	GlobalSection(ExtensibilityGlobals) = postSolution
		SolutionGuid = {94E3A2A1-761B-4BAF-AFB9-DF7F31004422}
	EndGlobalSection
EndGlobal
